
Microsoft Visual Studio Solution File, Format Version 12.00
# Visual Studio Version 17
VisualStudioVersion = 17.4.33213.308
MinimumVisualStudioVersion = 10.0.40219.1
Project("{FAE04EC0-301F-11D3-BF4B-00C04F79EFBC}") = "SubtitlesFixLibrary", "SubtitlesFixLibrary\SubtitlesFixLibrary.csproj", "{C529C643-1DB6-4789-9C01-86212CFB9084}"
EndProject
Project("{FAE04EC0-301F-11D3-BF4B-00C04F79EFBC}") = "SubtitleFixConsole", "SubtitleFixConsole\SubtitleFixConsole.csproj", "{F78F6CCA-EA06-41C7-9A38-FEF75FE09699}"
EndProject
Project("{FAE04EC0-301F-11D3-BF4B-00C04F79EFBC}") = "SubtitlesFixUI", "SubtitlesFixUI\SubtitlesFixUI.csproj", "{9B3400B0-7C7C-4FCA-B7CF-95B7D873D461}"
EndProject
Global
	GlobalSection(SolutionConfigurationPlatforms) = preSolution
		Debug|Any CPU = Debug|Any CPU
		Release|Any CPU = Release|Any CPU
	EndGlobalSection
	GlobalSection(ProjectConfigurationPlatforms) = postSolution
		{C529C643-1DB6-4789-9C01-86212CFB9084}.Debug|Any CPU.ActiveCfg = Debug|Any CPU
		{C529C643-1DB6-4789-9C01-86212CFB9084}.Debug|Any CPU.Build.0 = Debug|Any CPU
		{C529C643-1DB6-4789-9C01-86212CFB9084}.Release|Any CPU.ActiveCfg = Release|Any CPU
		{C529C643-1DB6-4789-9C01-86212CFB9084}.Release|Any CPU.Build.0 = Release|Any CPU
		{F78F6CCA-EA06-41C7-9A38-FEF75FE09699}.Debug|Any CPU.ActiveCfg = Debug|Any CPU
		{F78F6CCA-EA06-41C7-9A38-FEF75FE09699}.Debug|Any CPU.Build.0 = Debug|Any CPU
		{F78F6CCA-EA06-41C7-9A38-FEF75FE09699}.Release|Any CPU.ActiveCfg = Release|Any CPU
		{F78F6CCA-EA06-41C7-9A38-FEF75FE09699}.Release|Any CPU.Build.0 = Release|Any CPU
		{9B3400B0-7C7C-4FCA-B7CF-95B7D873D461}.Debug|Any CPU.ActiveCfg = Debug|Any CPU
		{9B3400B0-7C7C-4FCA-B7CF-95B7D873D461}.Debug|Any CPU.Build.0 = Debug|Any CPU
		{9B3400B0-7C7C-4FCA-B7CF-95B7D873D461}.Release|Any CPU.ActiveCfg = Release|Any CPU
		{9B3400B0-7C7C-4FCA-B7CF-95B7D873D461}.Release|Any CPU.Build.0 = Release|Any CPU
	EndGlobalSection
	GlobalSection(SolutionProperties) = preSolution
		HideSolutionNode = FALSE
	EndGlobalSection
	GlobalSection(ExtensibilityGlobals) = postSolution
		SolutionGuid = {75C2A9CD-900A-4288-BF3A-B173F6534997}
	EndGlobalSection
EndGlobal
